
Microsoft Visual Studio Solution File, Format Version 11.00
# Visual C++ Express 2010
Project("{8BC9CEB8-8B4A-11D0-8D11-00A0C91BC942}") = "glib", "glib.vcxproj", "{E01B37F4-899B-41BC-B032-C0AB899AA059}"
EndProject
Project("{8BC9CEB8-8B4A-11D0-8D11-00A0C91BC942}") = "gmodule", "gmodule.vcxproj", "{CA037400-07A8-43D1-B27E-F6956F33BE53}"
	ProjectSection(ProjectDependencies) = postProject
		{E01B37F4-899B-41BC-B032-C0AB899AA059} = {E01B37F4-899B-41BC-B032-C0AB899AA059}
	EndProjectSection
EndProject
Project("{8BC9CEB8-8B4A-11D0-8D11-00A0C91BC942}") = "gobject", "gobject.vcxproj", "{A9C9067A-175C-4CC8-BCFA-92E692BA4D22}"
	ProjectSection(ProjectDependencies) = postProject
		{CA037400-07A8-43D1-B27E-F6956F33BE53} = {CA037400-07A8-43D1-B27E-F6956F33BE53}
		{05DC90E8-E5CC-4103-B67C-B12CC43D6A4E} = {05DC90E8-E5CC-4103-B67C-B12CC43D6A4E}
	EndProjectSection
EndProject
Project("{8BC9CEB8-8B4A-11D0-8D11-00A0C91BC942}") = "gthread", "gthread.vcxproj", "{05DC90E8-E5CC-4103-B67C-B12CC43D6A4E}"
	ProjectSection(ProjectDependencies) = postProject
		{E01B37F4-899B-41BC-B032-C0AB899AA059} = {E01B37F4-899B-41BC-B032-C0AB899AA059}
	EndProjectSection
EndProject
Project("{8BC9CEB8-8B4A-11D0-8D11-00A0C91BC942}") = "libgstreamer", "libgstreamer.vcxproj", "{45B6CC31-90CA-49E4-817A-733E347F0D58}"
	ProjectSection(ProjectDependencies) = postProject
		{A9C9067A-175C-4CC8-BCFA-92E692BA4D22} = {A9C9067A-175C-4CC8-BCFA-92E692BA4D22}
	EndProjectSection
EndProject
Project("{8BC9CEB8-8B4A-11D0-8D11-00A0C91BC942}") = "libgstbase", "libgstbase.vcxproj", "{17A67FBA-E136-4F0A-B201-3F5B40D3A224}"
	ProjectSection(ProjectDependencies) = postProject
		{45B6CC31-90CA-49E4-817A-733E347F0D58} = {45B6CC31-90CA-49E4-817A-733E347F0D58}
	EndProjectSection
EndProject
Project("{8BC9CEB8-8B4A-11D0-8D11-00A0C91BC942}") = "libgstvideo", "libgstvideo.vcxproj", "{B8E7772B-4BF2-40F4-93EF-3E7161DC287C}"
	ProjectSection(ProjectDependencies) = postProject
		{17A67FBA-E136-4F0A-B201-3F5B40D3A224} = {17A67FBA-E136-4F0A-B201-3F5B40D3A224}
	EndProjectSection
EndProject
Project("{8BC9CEB8-8B4A-11D0-8D11-00A0C91BC942}") = "libgstriff", "libgstriff.vcxproj", "{F9F0826A-4275-45D9-98A6-690EEFD8C212}"
	ProjectSection(ProjectDependencies) = postProject
		{EFAFE900-AA59-468E-95BB-663C2301A351} = {EFAFE900-AA59-468E-95BB-663C2301A351}
	EndProjectSection
EndProject
Project("{8BC9CEB8-8B4A-11D0-8D11-00A0C91BC942}") = "libgstaudio", "libgstaudio.vcxproj", "{EFAFE900-AA59-468E-95BB-663C2301A351}"
	ProjectSection(ProjectDependencies) = postProject
		{1EED3985-0472-458A-B512-635A8B05A6C8} = {1EED3985-0472-458A-B512-635A8B05A6C8}
		{17A67FBA-E136-4F0A-B201-3F5B40D3A224} = {17A67FBA-E136-4F0A-B201-3F5B40D3A224}
	EndProjectSection
EndProject
Project("{8BC9CEB8-8B4A-11D0-8D11-00A0C91BC942}") = "libgstinterfaces", "libgstinterfaces.vcxproj", "{1EED3985-0472-458A-B512-635A8B05A6C8}"
	ProjectSection(ProjectDependencies) = postProject
		{45B6CC31-90CA-49E4-817A-733E347F0D58} = {45B6CC31-90CA-49E4-817A-733E347F0D58}
	EndProjectSection
EndProject
Project("{8BC9CEB8-8B4A-11D0-8D11-00A0C91BC942}") = "libgstbasevideo", "libgstbasevideo.vcxproj", "{86DDDA86-F400-48D9-AD53-7BE3AC7363B9}"
	ProjectSection(ProjectDependencies) = postProject
		{B8E7772B-4BF2-40F4-93EF-3E7161DC287C} = {B8E7772B-4BF2-40F4-93EF-3E7161DC287C}
	EndProjectSection
EndProject
Project("{8BC9CEB8-8B4A-11D0-8D11-00A0C91BC942}") = "gstreamer", "gstreamer.vcxproj", "{026BC789-5149-4BEC-8E21-7FE4609833E1}"
EndProject
Project("{8BC9CEB8-8B4A-11D0-8D11-00A0C91BC942}") = "gstaudioconvert", "gstaudioconvert.vcxproj", "{0BD3CF0E-ECD7-4029-839E-D49CFC7F3C46}"
EndProject
Project("{8BC9CEB8-8B4A-11D0-8D11-00A0C91BC942}") = "gstaudioresample", "gstaudioresample.vcxproj", "{F083C987-7254-4A3C-9D14-7F7E82BC8384}"
EndProject
Project("{8BC9CEB8-8B4A-11D0-8D11-00A0C91BC942}") = "gsttypefindfunctions", "gsttypefindfunctions.vcxproj", "{AB4A3156-EC6E-4608-B596-4955EC0ABA27}"
EndProject
Project("{8BC9CEB8-8B4A-11D0-8D11-00A0C91BC942}") = "libgstpbutils", "libgstpbutils.vcxproj", "{0520372C-7ADA-4A7C-B792-66A483A47192}"
	ProjectSection(ProjectDependencies) = postProject
		{45B6CC31-90CA-49E4-817A-733E347F0D58} = {45B6CC31-90CA-49E4-817A-733E347F0D58}
	EndProjectSection
EndProject
Project("{8BC9CEB8-8B4A-11D0-8D11-00A0C91BC942}") = "gstcoreelements", "gstcoreelements.vcxproj", "{7B6AF44B-CF86-4ADA-B3A7-E8422E01FC7D}"
EndProject
Project("{8BC9CEB8-8B4A-11D0-8D11-00A0C91BC942}") = "gstdecodebin2", "gstdecodebin2.vcxproj", "{016BDF83-4AD4-4553-84F3-BF1A5059425A}"
EndProject
Project("{8BC9CEB8-8B4A-11D0-8D11-00A0C91BC942}") = "gstffmpegcolorspace", "gstffmpegcolorspace.vcxproj", "{A9A09BD8-F3C4-4164-90E4-C32B9EFB0E84}"
EndProject
Project("{8BC9CEB8-8B4A-11D0-8D11-00A0C91BC942}") = "libogg", "libogg.vcxproj", "{61AFF036-1199-40E1-A5CA-F792FA6A5B43}"
EndProject
Project("{8BC9CEB8-8B4A-11D0-8D11-00A0C91BC942}") = "libtheora", "libtheora.vcxproj", "{5516185F-CA4B-40A7-B5EC-9F4FA1BE9E6C}"
EndProject
Project("{8BC9CEB8-8B4A-11D0-8D11-00A0C91BC942}") = "libvorbis", "libvorbis.vcxproj", "{E55DF46B-BBEA-42C1-AF9E-5EC6E0E53E5E}"
EndProject
Project("{8BC9CEB8-8B4A-11D0-8D11-00A0C91BC942}") = "gstoggdec", "gstoggdec.vcxproj", "{8AAAAD54-9FC6-4DA1-A80C-311D9C3F7227}"
EndProject
Project("{8BC9CEB8-8B4A-11D0-8D11-00A0C91BC942}") = "gstautodetect", "gstautodetect.vcxproj", "{EF8121E2-FEAE-4F97-982E-4D992E7D24C6}"
EndProject
Project("{8BC9CEB8-8B4A-11D0-8D11-00A0C91BC942}") = "gstwaveform", "gstwaveform.vcxproj", "{32677DFF-E7EB-40F1-89AA-A3CC4D89B8CE}"
EndProject
Project("{8BC9CEB8-8B4A-11D0-8D11-00A0C91BC942}") = "gstwavparse", "gstwavparse.vcxproj", "{2E76F618-1C1F-4329-BBE6-C9C5D4A896A4}"
EndProject
Project("{8BC9CEB8-8B4A-11D0-8D11-00A0C91BC942}") = "gstdirectsound", "gstdirectsound.vcxproj", "{F7631F08-C93E-40C9-95BA-6FEF731D3E0D}"
EndProject
Project("{8BC9CEB8-8B4A-11D0-8D11-00A0C91BC942}") = "gstwebmdec", "gstwebmdec.vcxproj", "{EC758AFC-3475-415E-B5DD-A6B2BD795DFD}"
EndProject
Project("{8BC9CEB8-8B4A-11D0-8D11-00A0C91BC942}") = "libvpx", "libvpx.vcxproj", "{4AEF235B-9AD8-4830-8E6C-E6A5C4CF8E67}"
EndProject
Project("{8BC9CEB8-8B4A-11D0-8D11-00A0C91BC942}") = "libgsttag", "libgsttag.vcxproj", "{958C7FBB-6624-48E7-A13D-F019C918156A}"
	ProjectSection(ProjectDependencies) = postProject
		{17A67FBA-E136-4F0A-B201-3F5B40D3A224} = {17A67FBA-E136-4F0A-B201-3F5B40D3A224}
	EndProjectSection
EndProject
Project("{8BC9CEB8-8B4A-11D0-8D11-00A0C91BC942}") = "gstwavpackdec", "gstwavpackdec.vcxproj", "{DC89B24A-E571-4B5E-A31C-EEDE06692661}"
EndProject
Project("{8BC9CEB8-8B4A-11D0-8D11-00A0C91BC942}") = "libwavpack", "libwavpack.vcxproj", "{D346F49C-3037-4C38-88C1-41594873BA4A}"
EndProject
Global
	GlobalSection(SolutionConfigurationPlatforms) = preSolution
		Release|Win32 = Release|Win32
	EndGlobalSection
	GlobalSection(ProjectConfigurationPlatforms) = postSolution
		{E01B37F4-899B-41BC-B032-C0AB899AA059}.Release|Win32.ActiveCfg = Release|Win32
		{E01B37F4-899B-41BC-B032-C0AB899AA059}.Release|Win32.Build.0 = Release|Win32
		{CA037400-07A8-43D1-B27E-F6956F33BE53}.Release|Win32.ActiveCfg = Release|Win32
		{CA037400-07A8-43D1-B27E-F6956F33BE53}.Release|Win32.Build.0 = Release|Win32
		{A9C9067A-175C-4CC8-BCFA-92E692BA4D22}.Release|Win32.ActiveCfg = Release|Win32
		{A9C9067A-175C-4CC8-BCFA-92E692BA4D22}.Release|Win32.Build.0 = Release|Win32
		{05DC90E8-E5CC-4103-B67C-B12CC43D6A4E}.Release|Win32.ActiveCfg = Release|Win32
		{05DC90E8-E5CC-4103-B67C-B12CC43D6A4E}.Release|Win32.Build.0 = Release|Win32
		{45B6CC31-90CA-49E4-817A-733E347F0D58}.Release|Win32.ActiveCfg = Release|Win32
		{45B6CC31-90CA-49E4-817A-733E347F0D58}.Release|Win32.Build.0 = Release|Win32
		{17A67FBA-E136-4F0A-B201-3F5B40D3A224}.Release|Win32.ActiveCfg = Release|Win32
		{17A67FBA-E136-4F0A-B201-3F5B40D3A224}.Release|Win32.Build.0 = Release|Win32
		{B8E7772B-4BF2-40F4-93EF-3E7161DC287C}.Release|Win32.ActiveCfg = Release|Win32
		{B8E7772B-4BF2-40F4-93EF-3E7161DC287C}.Release|Win32.Build.0 = Release|Win32
		{F9F0826A-4275-45D9-98A6-690EEFD8C212}.Release|Win32.ActiveCfg = Release|Win32
		{F9F0826A-4275-45D9-98A6-690EEFD8C212}.Release|Win32.Build.0 = Release|Win32
		{EFAFE900-AA59-468E-95BB-663C2301A351}.Release|Win32.ActiveCfg = Release|Win32
		{EFAFE900-AA59-468E-95BB-663C2301A351}.Release|Win32.Build.0 = Release|Win32
		{1EED3985-0472-458A-B512-635A8B05A6C8}.Release|Win32.ActiveCfg = Release|Win32
		{1EED3985-0472-458A-B512-635A8B05A6C8}.Release|Win32.Build.0 = Release|Win32
		{86DDDA86-F400-48D9-AD53-7BE3AC7363B9}.Release|Win32.ActiveCfg = Release|Win32
		{86DDDA86-F400-48D9-AD53-7BE3AC7363B9}.Release|Win32.Build.0 = Release|Win32
		{026BC789-5149-4BEC-8E21-7FE4609833E1}.Release|Win32.ActiveCfg = Release|Win32
		{026BC789-5149-4BEC-8E21-7FE4609833E1}.Release|Win32.Build.0 = Release|Win32
		{0BD3CF0E-ECD7-4029-839E-D49CFC7F3C46}.Release|Win32.ActiveCfg = Release|Win32
		{0BD3CF0E-ECD7-4029-839E-D49CFC7F3C46}.Release|Win32.Build.0 = Release|Win32
		{F083C987-7254-4A3C-9D14-7F7E82BC8384}.Release|Win32.ActiveCfg = Release|Win32
		{F083C987-7254-4A3C-9D14-7F7E82BC8384}.Release|Win32.Build.0 = Release|Win32
		{AB4A3156-EC6E-4608-B596-4955EC0ABA27}.Release|Win32.ActiveCfg = Release|Win32
		{AB4A3156-EC6E-4608-B596-4955EC0ABA27}.Release|Win32.Build.0 = Release|Win32
		{0520372C-7ADA-4A7C-B792-66A483A47192}.Release|Win32.ActiveCfg = Release|Win32
		{0520372C-7ADA-4A7C-B792-66A483A47192}.Release|Win32.Build.0 = Release|Win32
		{7B6AF44B-CF86-4ADA-B3A7-E8422E01FC7D}.Release|Win32.ActiveCfg = Release|Win32
		{7B6AF44B-CF86-4ADA-B3A7-E8422E01FC7D}.Release|Win32.Build.0 = Release|Win32
		{016BDF83-4AD4-4553-84F3-BF1A5059425A}.Release|Win32.ActiveCfg = Release|Win32
		{016BDF83-4AD4-4553-84F3-BF1A5059425A}.Release|Win32.Build.0 = Release|Win32
		{A9A09BD8-F3C4-4164-90E4-C32B9EFB0E84}.Release|Win32.ActiveCfg = Release|Win32
		{A9A09BD8-F3C4-4164-90E4-C32B9EFB0E84}.Release|Win32.Build.0 = Release|Win32
		{61AFF036-1199-40E1-A5CA-F792FA6A5B43}.Release|Win32.ActiveCfg = Release|Win32
		{61AFF036-1199-40E1-A5CA-F792FA6A5B43}.Release|Win32.Build.0 = Release|Win32
		{5516185F-CA4B-40A7-B5EC-9F4FA1BE9E6C}.Release|Win32.ActiveCfg = Release|Win32
		{5516185F-CA4B-40A7-B5EC-9F4FA1BE9E6C}.Release|Win32.Build.0 = Release|Win32
		{E55DF46B-BBEA-42C1-AF9E-5EC6E0E53E5E}.Release|Win32.ActiveCfg = Release|Win32
		{E55DF46B-BBEA-42C1-AF9E-5EC6E0E53E5E}.Release|Win32.Build.0 = Release|Win32
		{8AAAAD54-9FC6-4DA1-A80C-311D9C3F7227}.Release|Win32.ActiveCfg = Release|Win32
		{8AAAAD54-9FC6-4DA1-A80C-311D9C3F7227}.Release|Win32.Build.0 = Release|Win32
		{EF8121E2-FEAE-4F97-982E-4D992E7D24C6}.Release|Win32.ActiveCfg = Release|Win32
		{EF8121E2-FEAE-4F97-982E-4D992E7D24C6}.Release|Win32.Build.0 = Release|Win32
		{32677DFF-E7EB-40F1-89AA-A3CC4D89B8CE}.Release|Win32.ActiveCfg = Release|Win32
		{32677DFF-E7EB-40F1-89AA-A3CC4D89B8CE}.Release|Win32.Build.0 = Release|Win32
		{2E76F618-1C1F-4329-BBE6-C9C5D4A896A4}.Release|Win32.ActiveCfg = Release|Win32
		{2E76F618-1C1F-4329-BBE6-C9C5D4A896A4}.Release|Win32.Build.0 = Release|Win32
		{F7631F08-C93E-40C9-95BA-6FEF731D3E0D}.Release|Win32.ActiveCfg = Release|Win32
		{F7631F08-C93E-40C9-95BA-6FEF731D3E0D}.Release|Win32.Build.0 = Release|Win32
		{EC758AFC-3475-415E-B5DD-A6B2BD795DFD}.Release|Win32.ActiveCfg = Release|Win32
		{EC758AFC-3475-415E-B5DD-A6B2BD795DFD}.Release|Win32.Build.0 = Release|Win32
		{4AEF235B-9AD8-4830-8E6C-E6A5C4CF8E67}.Release|Win32.ActiveCfg = Release|Win32
		{4AEF235B-9AD8-4830-8E6C-E6A5C4CF8E67}.Release|Win32.Build.0 = Release|Win32
		{958C7FBB-6624-48E7-A13D-F019C918156A}.Release|Win32.ActiveCfg = Release|Win32
		{958C7FBB-6624-48E7-A13D-F019C918156A}.Release|Win32.Build.0 = Release|Win32
		{DC89B24A-E571-4B5E-A31C-EEDE06692661}.Release|Win32.ActiveCfg = Release|Win32
		{DC89B24A-E571-4B5E-A31C-EEDE06692661}.Release|Win32.Build.0 = Release|Win32
		{D346F49C-3037-4C38-88C1-41594873BA4A}.Release|Win32.ActiveCfg = Release|Win32
		{D346F49C-3037-4C38-88C1-41594873BA4A}.Release|Win32.Build.0 = Release|Win32
	EndGlobalSection
	GlobalSection(SolutionProperties) = preSolution
		HideSolutionNode = FALSE
	EndGlobalSection
EndGlobal
